$begin 'ConnectionParameters'
	DesktopProcessID=17032
	DesktopProcessPath='C:\\Program Files\\AnsysEM\\Ansys Student\\v232\\Win64\\ansysedtsv.exe'
	LaunchedByWB=false
	$begin 'DesktopStubBlock'
		$begin 'CommDetails'
			TransportType=1
			IPAddress='172.20.10.3'
			ListenPort='60211'
		$end 'CommDetails'
		$begin 'Marshall'
			InstanceID=503
			ProcID=17032
			InterfaceID=1
			FactoryIntID='DesktopInterfaceForWBProxyStubFactory'
		$end 'Marshall'
	$end 'DesktopStubBlock'
	$begin 'DesktopBackgroundObjStubBlock'
		$begin 'CommDetails'
			TransportType=1
			IPAddress='172.20.10.3'
			ListenPort='60211'
		$end 'CommDetails'
		$begin 'Marshall'
			InstanceID=505
			ProcID=17032
			InterfaceID=2
			FactoryIntID='DesktopInterfaceForWBProxyStubFactory'
		$end 'Marshall'
	$end 'DesktopBackgroundObjStubBlock'
$end 'ConnectionParameters'
